
Microsoft Visual Studio Solution File, Format Version 12.00
# Visual Studio Version 16
VisualStudioVersion = 16.0.30621.155
MinimumVisualStudioVersion = 10.0.40219.1
Project("{8BC9CEB8-8B4A-11D0-8D11-00A0C91BC942}") = "GitBasics_BD011", "GitBasics_BD011.vcxproj", "{723A7BBB-AFBD-478C-96AD-884E35BD3B71}"
EndProject
Project("{8BC9CEB8-8B4A-11D0-8D11-00A0C91BC942}") = "Project1", "Project1\Project1.vcxproj", "{73181928-D683-4685-870C-F6A51B1EC90D}"
EndProject
Global
	GlobalSection(SolutionConfigurationPlatforms) = preSolution
		Debug|x64 = Debug|x64
		Debug|x86 = Debug|x86
		Release|x64 = Release|x64
		Release|x86 = Release|x86
	EndGlobalSection
	GlobalSection(ProjectConfigurationPlatforms) = postSolution
		{723A7BBB-AFBD-478C-96AD-884E35BD3B71}.Debug|x64.ActiveCfg = Debug|x64
		{723A7BBB-AFBD-478C-96AD-884E35BD3B71}.Debug|x64.Build.0 = Debug|x64
		{723A7BBB-AFBD-478C-96AD-884E35BD3B71}.Debug|x86.ActiveCfg = Debug|Win32
		{723A7BBB-AFBD-478C-96AD-884E35BD3B71}.Debug|x86.Build.0 = Debug|Win32
		{723A7BBB-AFBD-478C-96AD-884E35BD3B71}.Release|x64.ActiveCfg = Release|x64
		{723A7BBB-AFBD-478C-96AD-884E35BD3B71}.Release|x64.Build.0 = Release|x64
		{723A7BBB-AFBD-478C-96AD-884E35BD3B71}.Release|x86.ActiveCfg = Release|Win32
		{723A7BBB-AFBD-478C-96AD-884E35BD3B71}.Release|x86.Build.0 = Release|Win32
		{73181928-D683-4685-870C-F6A51B1EC90D}.Debug|x64.ActiveCfg = Debug|x64
		{73181928-D683-4685-870C-F6A51B1EC90D}.Debug|x64.Build.0 = Debug|x64
		{73181928-D683-4685-870C-F6A51B1EC90D}.Debug|x86.ActiveCfg = Debug|Win32
		{73181928-D683-4685-870C-F6A51B1EC90D}.Debug|x86.Build.0 = Debug|Win32
		{73181928-D683-4685-870C-F6A51B1EC90D}.Release|x64.ActiveCfg = Release|x64
		{73181928-D683-4685-870C-F6A51B1EC90D}.Release|x64.Build.0 = Release|x64
		{73181928-D683-4685-870C-F6A51B1EC90D}.Release|x86.ActiveCfg = Release|Win32
		{73181928-D683-4685-870C-F6A51B1EC90D}.Release|x86.Build.0 = Release|Win32
	EndGlobalSection
	GlobalSection(SolutionProperties) = preSolution
		HideSolutionNode = FALSE
	EndGlobalSection
	GlobalSection(ExtensibilityGlobals) = postSolution
		SolutionGuid = {2248811C-D515-48DC-B922-121600AE3267}
	EndGlobalSection
EndGlobal
